// !$*UTF8*$!
{
	archiveVersion = 1;
	classes = {
	};
	objectVersion = 56;
	objects = {

/* Begin PBXBuildFile section */
		B85E3A392A5EC3AF007EDFAE /* AreaCalculationVM.swift in Sources */ = {isa = PBXBuildFile; fileRef = B85E3A382A5EC3AF007EDFAE /* AreaCalculationVM.swift */; };
		B85E3A3B2A5F8DE6007EDFAE /* LocalizationExample.docc in Sources */ = {isa = PBXBuildFile; fileRef = B85E3A3A2A5F8DE6007EDFAE /* LocalizationExample.docc */; };
		B85E3A3C2A60207C007EDFAE /* Previews.swift in Sources */ = {isa = PBXBuildFile; fileRef = B8AF8D322A5D42BC0001B2E0 /* Previews.swift */; };
		B89FA4042A5D498D00747F18 /* AppString.swift in Sources */ = {isa = PBXBuildFile; fileRef = B89FA4032A5D498D00747F18 /* AppString.swift */; };
		B89FA40F2A5D515B00747F18 /* Localizable.strings in Resources */ = {isa = PBXBuildFile; fileRef = B89FA40D2A5D515B00747F18 /* Localizable.strings */; };
		B8AF8D092A5D06590001B2E0 /* LocalizationExampleApp.swift in Sources */ = {isa = PBXBuildFile; fileRef = B8AF8D082A5D06590001B2E0 /* LocalizationExampleApp.swift */; };
		B8AF8D0B2A5D06590001B2E0 /* CalculationView.swift in Sources */ = {isa = PBXBuildFile; fileRef = B8AF8D0A2A5D06590001B2E0 /* CalculationView.swift */; };
		B8AF8D0D2A5D065B0001B2E0 /* Assets.xcassets in Resources */ = {isa = PBXBuildFile; fileRef = B8AF8D0C2A5D065B0001B2E0 /* Assets.xcassets */; };
		B8AF8D102A5D065B0001B2E0 /* Preview Assets.xcassets in Resources */ = {isa = PBXBuildFile; fileRef = B8AF8D0F2A5D065B0001B2E0 /* Preview Assets.xcassets */; };
		B8AF8D1A2A5D065B0001B2E0 /* LocalizationExampleTests.swift in Sources */ = {isa = PBXBuildFile; fileRef = B8AF8D192A5D065B0001B2E0 /* LocalizationExampleTests.swift */; };
		B8AF8D242A5D065B0001B2E0 /* LocalizationExampleUITests.swift in Sources */ = {isa = PBXBuildFile; fileRef = B8AF8D232A5D065B0001B2E0 /* LocalizationExampleUITests.swift */; };
		B8AF8D262A5D065B0001B2E0 /* LocalizationExampleUITestsLaunchTests.swift in Sources */ = {isa = PBXBuildFile; fileRef = B8AF8D252A5D065B0001B2E0 /* LocalizationExampleUITestsLaunchTests.swift */; };
/* End PBXBuildFile section */

/* Begin PBXContainerItemProxy section */
		B8AF8D162A5D065B0001B2E0 /* PBXContainerItemProxy */ = {
			isa = PBXContainerItemProxy;
			containerPortal = B8AF8CFD2A5D06590001B2E0 /* Project object */;
			proxyType = 1;
			remoteGlobalIDString = B8AF8D042A5D06590001B2E0;
			remoteInfo = LocalizationExample;
		};
		B8AF8D202A5D065B0001B2E0 /* PBXContainerItemProxy */ = {
			isa = PBXContainerItemProxy;
			containerPortal = B8AF8CFD2A5D06590001B2E0 /* Project object */;
			proxyType = 1;
			remoteGlobalIDString = B8AF8D042A5D06590001B2E0;
			remoteInfo = LocalizationExample;
		};
/* End PBXContainerItemProxy section */

/* Begin PBXFileReference section */
		B85E3A372A5EC13C007EDFAE /* id */ = {isa = PBXFileReference; lastKnownFileType = text.plist.strings; name = id; path = id.lproj/Localizable.strings; sourceTree = "<group>"; };
		B85E3A382A5EC3AF007EDFAE /* AreaCalculationVM.swift */ = {isa = PBXFileReference; lastKnownFileType = sourcecode.swift; path = AreaCalculationVM.swift; sourceTree = "<group>"; };
		B85E3A3A2A5F8DE6007EDFAE /* LocalizationExample.docc */ = {isa = PBXFileReference; lastKnownFileType = folder.documentationcatalog; path = LocalizationExample.docc; sourceTree = "<group>"; };
		B8916A422A60E28400DD5F7A /* README.md */ = {isa = PBXFileReference; lastKnownFileType = net.daringfireball.markdown; path = README.md; sourceTree = "<group>"; };
		B89FA4032A5D498D00747F18 /* AppString.swift */ = {isa = PBXFileReference; lastKnownFileType = sourcecode.swift; path = AppString.swift; sourceTree = "<group>"; };
		B89FA40E2A5D515B00747F18 /* en */ = {isa = PBXFileReference; lastKnownFileType = text.plist.strings; name = en; path = en.lproj/Localizable.strings; sourceTree = "<group>"; };
		B89FA4122A5D516E00747F18 /* ar */ = {isa = PBXFileReference; lastKnownFileType = text.plist.strings; name = ar; path = ar.lproj/Localizable.strings; sourceTree = "<group>"; };
		B8AF8D052A5D06590001B2E0 /* LocalizationExample.app */ = {isa = PBXFileReference; explicitFileType = wrapper.application; includeInIndex = 0; path = LocalizationExample.app; sourceTree = BUILT_PRODUCTS_DIR; };
		B8AF8D082A5D06590001B2E0 /* LocalizationExampleApp.swift */ = {isa = PBXFileReference; lastKnownFileType = sourcecode.swift; path = LocalizationExampleApp.swift; sourceTree = "<group>"; };
		B8AF8D0A2A5D06590001B2E0 /* CalculationView.swift */ = {isa = PBXFileReference; lastKnownFileType = sourcecode.swift; path = CalculationView.swift; sourceTree = "<group>"; };
		B8AF8D0C2A5D065B0001B2E0 /* Assets.xcassets */ = {isa = PBXFileReference; lastKnownFileType = folder.assetcatalog; path = Assets.xcassets; sourceTree = "<group>"; };
		B8AF8D0F2A5D065B0001B2E0 /* Preview Assets.xcassets */ = {isa = PBXFileReference; lastKnownFileType = folder.assetcatalog; path = "Preview Assets.xcassets"; sourceTree = "<group>"; };
		B8AF8D152A5D065B0001B2E0 /* LocalizationExampleTests.xctest */ = {isa = PBXFileReference; explicitFileType = wrapper.cfbundle; includeInIndex = 0; path = LocalizationExampleTests.xctest; sourceTree = BUILT_PRODUCTS_DIR; };
		B8AF8D192A5D065B0001B2E0 /* LocalizationExampleTests.swift */ = {isa = PBXFileReference; lastKnownFileType = sourcecode.swift; path = LocalizationExampleTests.swift; sourceTree = "<group>"; };
		B8AF8D1F2A5D065B0001B2E0 /* LocalizationExampleUITests.xctest */ = {isa = PBXFileReference; explicitFileType = wrapper.cfbundle; includeInIndex = 0; path = LocalizationExampleUITests.xctest; sourceTree = BUILT_PRODUCTS_DIR; };
		B8AF8D232A5D065B0001B2E0 /* LocalizationExampleUITests.swift */ = {isa = PBXFileReference; lastKnownFileType = sourcecode.swift; path = LocalizationExampleUITests.swift; sourceTree = "<group>"; };
		B8AF8D252A5D065B0001B2E0 /* LocalizationExampleUITestsLaunchTests.swift */ = {isa = PBXFileReference; lastKnownFileType = sourcecode.swift; path = LocalizationExampleUITestsLaunchTests.swift; sourceTree = "<group>"; };
		B8AF8D322A5D42BC0001B2E0 /* Previews.swift */ = {isa = PBXFileReference; lastKnownFileType = sourcecode.swift; path = Previews.swift; sourceTree = "<group>"; };
/* End PBXFileReference section */

/* Begin PBXFrameworksBuildPhase section */
		B8AF8D022A5D06590001B2E0 /* Frameworks */ = {
			isa = PBXFrameworksBuildPhase;
			buildActionMask = 2147483647;
			files = (
			);
			runOnlyForDeploymentPostprocessing = 0;
		};
		B8AF8D122A5D065B0001B2E0 /* Frameworks */ = {
			isa = PBXFrameworksBuildPhase;
			buildActionMask = 2147483647;
			files = (
			);
			runOnlyForDeploymentPostprocessing = 0;
		};
		B8AF8D1C2A5D065B0001B2E0 /* Frameworks */ = {
			isa = PBXFrameworksBuildPhase;
			buildActionMask = 2147483647;
			files = (
			);
			runOnlyForDeploymentPostprocessing = 0;
		};
/* End PBXFrameworksBuildPhase section */

/* Begin PBXGroup section */
		B8AF8CFC2A5D06590001B2E0 = {
			isa = PBXGroup;
			children = (
				B8916A422A60E28400DD5F7A /* README.md */,
				B8AF8D072A5D06590001B2E0 /* LocalizationExample */,
				B8AF8D182A5D065B0001B2E0 /* LocalizationExampleTests */,
				B8AF8D222A5D065B0001B2E0 /* LocalizationExampleUITests */,
				B8AF8D062A5D06590001B2E0 /* Products */,
			);
			sourceTree = "<group>";
		};
		B8AF8D062A5D06590001B2E0 /* Products */ = {
			isa = PBXGroup;
			children = (
				B8AF8D052A5D06590001B2E0 /* LocalizationExample.app */,
				B8AF8D152A5D065B0001B2E0 /* LocalizationExampleTests.xctest */,
				B8AF8D1F2A5D065B0001B2E0 /* LocalizationExampleUITests.xctest */,
			);
			name = Products;
			sourceTree = "<group>";
		};
		B8AF8D072A5D06590001B2E0 /* LocalizationExample */ = {
			isa = PBXGroup;
			children = (
				B8AF8D322A5D42BC0001B2E0 /* Previews.swift */,
				B8AF8D082A5D06590001B2E0 /* LocalizationExampleApp.swift */,
				B8AF8D0A2A5D06590001B2E0 /* CalculationView.swift */,
				B85E3A382A5EC3AF007EDFAE /* AreaCalculationVM.swift */,
				B89FA4032A5D498D00747F18 /* AppString.swift */,
				B89FA40D2A5D515B00747F18 /* Localizable.strings */,
				B8AF8D0C2A5D065B0001B2E0 /* Assets.xcassets */,
				B8AF8D0E2A5D065B0001B2E0 /* Preview Content */,
				B85E3A3A2A5F8DE6007EDFAE /* LocalizationExample.docc */,
			);
			path = LocalizationExample;
			sourceTree = "<group>";
		};
		B8AF8D0E2A5D065B0001B2E0 /* Preview Content */ = {
			isa = PBXGroup;
			children = (
				B8AF8D0F2A5D065B0001B2E0 /* Preview Assets.xcassets */,
			);
			path = "Preview Content";
			sourceTree = "<group>";
		};
		B8AF8D182A5D065B0001B2E0 /* LocalizationExampleTests */ = {
			isa = PBXGroup;
			children = (
				B8AF8D192A5D065B0001B2E0 /* LocalizationExampleTests.swift */,
			);
			path = LocalizationExampleTests;
			sourceTree = "<group>";
		};
		B8AF8D222A5D065B0001B2E0 /* LocalizationExampleUITests */ = {
			isa = PBXGroup;
			children = (
				B8AF8D232A5D065B0001B2E0 /* LocalizationExampleUITests.swift */,
				B8AF8D252A5D065B0001B2E0 /* LocalizationExampleUITestsLaunchTests.swift */,
			);
			path = LocalizationExampleUITests;
			sourceTree = "<group>";
		};
/* End PBXGroup section */

/* Begin PBXNativeTarget section */
		B8AF8D042A5D06590001B2E0 /* LocalizationExample */ = {
			isa = PBXNativeTarget;
			buildConfigurationList = B8AF8D292A5D065B0001B2E0 /* Build configuration list for PBXNativeTarget "LocalizationExample" */;
			buildPhases = (
				B8AF8D012A5D06590001B2E0 /* Sources */,
				B8AF8D022A5D06590001B2E0 /* Frameworks */,
				B8AF8D032A5D06590001B2E0 /* Resources */,
			);
			buildRules = (
			);
			dependencies = (
			);
			name = LocalizationExample;
			productName = LocalizationExample;
			productReference = B8AF8D052A5D06590001B2E0 /* LocalizationExample.app */;
			productType = "com.apple.product-type.application";
		};
		B8AF8D142A5D065B0001B2E0 /* LocalizationExampleTests */ = {
			isa = PBXNativeTarget;
			buildConfigurationList = B8AF8D2C2A5D065B0001B2E0 /* Build configuration list for PBXNativeTarget "LocalizationExampleTests" */;
			buildPhases = (
				B8AF8D112A5D065B0001B2E0 /* Sources */,
				B8AF8D122A5D065B0001B2E0 /* Frameworks */,
				B8AF8D132A5D065B0001B2E0 /* Resources */,
			);
			buildRules = (
			);
			dependencies = (
				B8AF8D172A5D065B0001B2E0 /* PBXTargetDependency */,
			);
			name = LocalizationExampleTests;
			productName = LocalizationExampleTests;
			productReference = B8AF8D152A5D065B0001B2E0 /* LocalizationExampleTests.xctest */;
			productType = "com.apple.product-type.bundle.unit-test";
		};
		B8AF8D1E2A5D065B0001B2E0 /* LocalizationExampleUITests */ = {
			isa = PBXNativeTarget;
			buildConfigurationList = B8AF8D2F2A5D065B0001B2E0 /* Build configuration list for PBXNativeTarget "LocalizationExampleUITests" */;
			buildPhases = (
				B8AF8D1B2A5D065B0001B2E0 /* Sources */,
				B8AF8D1C2A5D065B0001B2E0 /* Frameworks */,
				B8AF8D1D2A5D065B0001B2E0 /* Resources */,
			);
			buildRules = (
			);
			dependencies = (
				B8AF8D212A5D065B0001B2E0 /* PBXTargetDependency */,
			);
			name = LocalizationExampleUITests;
			productName = LocalizationExampleUITests;
			productReference = B8AF8D1F2A5D065B0001B2E0 /* LocalizationExampleUITests.xctest */;
			productType = "com.apple.product-type.bundle.ui-testing";
		};
/* End PBXNativeTarget section */

/* Begin PBXProject section */
		B8AF8CFD2A5D06590001B2E0 /* Project object */ = {
			isa = PBXProject;
			attributes = {
				BuildIndependentTargetsInParallel = 1;
				LastSwiftUpdateCheck = 1430;
				LastUpgradeCheck = 1430;
				TargetAttributes = {
					B8AF8D042A5D06590001B2E0 = {
						CreatedOnToolsVersion = 14.3.1;
					};
					B8AF8D142A5D065B0001B2E0 = {
						CreatedOnToolsVersion = 14.3.1;
						TestTargetID = B8AF8D042A5D06590001B2E0;
					};
					B8AF8D1E2A5D065B0001B2E0 = {
						CreatedOnToolsVersion = 14.3.1;
						TestTargetID = B8AF8D042A5D06590001B2E0;
					};
				};
			};
			buildConfigurationList = B8AF8D002A5D06590001B2E0 /* Build configuration list for PBXProject "LocalizationExample" */;
			compatibilityVersion = "Xcode 14.0";
			developmentRegion = en;
			hasScannedForEncodings = 0;
			knownRegions = (
				en,
				Base,
				id,
				ar,
			);
			mainGroup = B8AF8CFC2A5D06590001B2E0;
			productRefGroup = B8AF8D062A5D06590001B2E0 /* Products */;
			projectDirPath = "";
			projectRoot = "";
			targets = (
				B8AF8D042A5D06590001B2E0 /* LocalizationExample */,
				B8AF8D142A5D065B0001B2E0 /* LocalizationExampleTests */,
				B8AF8D1E2A5D065B0001B2E0 /* LocalizationExampleUITests */,
			);
		};
/* End PBXProject section */

/* Begin PBXResourcesBuildPhase section */
		B8AF8D032A5D06590001B2E0 /* Resources */ = {
			isa = PBXResourcesBuildPhase;
			buildActionMask = 2147483647;
			files = (
				B8AF8D102A5D065B0001B2E0 /* Preview Assets.xcassets in Resources */,
				B89FA40F2A5D515B00747F18 /* Localizable.strings in Resources */,
				B8AF8D0D2A5D065B0001B2E0 /* Assets.xcassets in Resources */,
			);
			runOnlyForDeploymentPostprocessing = 0;
		};
		B8AF8D132A5D065B0001B2E0 /* Resources */ = {
			isa = PBXResourcesBuildPhase;
			buildActionMask = 2147483647;
			files = (
			);
			runOnlyForDeploymentPostprocessing = 0;
		};
		B8AF8D1D2A5D065B0001B2E0 /* Resources */ = {
			isa = PBXResourcesBuildPhase;
			buildActionMask = 2147483647;
			files = (
			);
			runOnlyForDeploymentPostprocessing = 0;
		};
/* End PBXResourcesBuildPhase section */

/* Begin PBXSourcesBuildPhase section */
		B8AF8D012A5D06590001B2E0 /* Sources */ = {
			isa = PBXSourcesBuildPhase;
			buildActionMask = 2147483647;
			files = (
				B8AF8D0B2A5D06590001B2E0 /* CalculationView.swift in Sources */,
				B85E3A392A5EC3AF007EDFAE /* AreaCalculationVM.swift in Sources */,
				B89FA4042A5D498D00747F18 /* AppString.swift in Sources */,
				B85E3A3B2A5F8DE6007EDFAE /* LocalizationExample.docc in Sources */,
				B8AF8D092A5D06590001B2E0 /* LocalizationExampleApp.swift in Sources */,
				B85E3A3C2A60207C007EDFAE /* Previews.swift in Sources */,
			);
			runOnlyForDeploymentPostprocessing = 0;
		};
		B8AF8D112A5D065B0001B2E0 /* Sources */ = {
			isa = PBXSourcesBuildPhase;
			buildActionMask = 2147483647;
			files = (
				B8AF8D1A2A5D065B0001B2E0 /* LocalizationExampleTests.swift in Sources */,
			);
			runOnlyForDeploymentPostprocessing = 0;
		};
		B8AF8D1B2A5D065B0001B2E0 /* Sources */ = {
			isa = PBXSourcesBuildPhase;
			buildActionMask = 2147483647;
			files = (
				B8AF8D262A5D065B0001B2E0 /* LocalizationExampleUITestsLaunchTests.swift in Sources */,
				B8AF8D242A5D065B0001B2E0 /* LocalizationExampleUITests.swift in Sources */,
			);
			runOnlyForDeploymentPostprocessing = 0;
		};
/* End PBXSourcesBuildPhase section */

/* Begin PBXTargetDependency section */
		B8AF8D172A5D065B0001B2E0 /* PBXTargetDependency */ = {
			isa = PBXTargetDependency;
			target = B8AF8D042A5D06590001B2E0 /* LocalizationExample */;
			targetProxy = B8AF8D162A5D065B0001B2E0 /* PBXContainerItemProxy */;
		};
		B8AF8D212A5D065B0001B2E0 /* PBXTargetDependency */ = {
			isa = PBXTargetDependency;
			target = B8AF8D042A5D06590001B2E0 /* LocalizationExample */;
			targetProxy = B8AF8D202A5D065B0001B2E0 /* PBXContainerItemProxy */;
		};
/* End PBXTargetDependency section */

/* Begin PBXVariantGroup section */
		B89FA40D2A5D515B00747F18 /* Localizable.strings */ = {
			isa = PBXVariantGroup;
			children = (
				B89FA40E2A5D515B00747F18 /* en */,
				B89FA4122A5D516E00747F18 /* ar */,
				B85E3A372A5EC13C007EDFAE /* id */,
			);
			name = Localizable.strings;
			sourceTree = "<group>";
		};
/* End PBXVariantGroup section */

/* Begin XCBuildConfiguration section */
		B8AF8D272A5D065B0001B2E0 /* Debug */ = {
			isa = XCBuildConfiguration;
			buildSettings = {
				ALWAYS_SEARCH_USER_PATHS = NO;
				CLANG_ANALYZER_NONNULL = YES;
				CLANG_ANALYZER_NUMBER_OBJECT_CONVERSION = YES_AGGRESSIVE;
				CLANG_CXX_LANGUAGE_STANDARD = "gnu++20";
				CLANG_ENABLE_MODULES = YES;
				CLANG_ENABLE_OBJC_ARC = YES;
				CLANG_ENABLE_OBJC_WEAK = YES;
				CLANG_WARN_BLOCK_CAPTURE_AUTORELEASING = YES;
				CLANG_WARN_BOOL_CONVERSION = YES;
				CLANG_WARN_COMMA = YES;
				CLANG_WARN_CONSTANT_CONVERSION = YES;
				CLANG_WARN_DEPRECATED_OBJC_IMPLEMENTATIONS = YES;
				CLANG_WARN_DIRECT_OBJC_ISA_USAGE = YES_ERROR;
				CLANG_WARN_DOCUMENTATION_COMMENTS = YES;
				CLANG_WARN_EMPTY_BODY = YES;
				CLANG_WARN_ENUM_CONVERSION = YES;
				CLANG_WARN_INFINITE_RECURSION = YES;
				CLANG_WARN_INT_CONVERSION = YES;
				CLANG_WARN_NON_LITERAL_NULL_CONVERSION = YES;
				CLANG_WARN_OBJC_IMPLICIT_RETAIN_SELF = YES;
				CLANG_WARN_OBJC_LITERAL_CONVERSION = YES;
				CLANG_WARN_OBJC_ROOT_CLASS = YES_ERROR;
				CLANG_WARN_QUOTED_INCLUDE_IN_FRAMEWORK_HEADER = YES;
				CLANG_WARN_RANGE_LOOP_ANALYSIS = YES;
				CLANG_WARN_STRICT_PROTOTYPES = YES;
				CLANG_WARN_SUSPICIOUS_MOVE = YES;
				CLANG_WARN_UNGUARDED_AVAILABILITY = YES_AGGRESSIVE;
				CLANG_WARN_UNREACHABLE_CODE = YES;
				CLANG_WARN__DUPLICATE_METHOD_MATCH = YES;
				COPY_PHASE_STRIP = NO;
				DEBUG_INFORMATION_FORMAT = dwarf;
				ENABLE_STRICT_OBJC_MSGSEND = YES;
				ENABLE_TESTABILITY = YES;
				GCC_C_LANGUAGE_STANDARD = gnu11;
				GCC_DYNAMIC_NO_PIC = NO;
				GCC_NO_COMMON_BLOCKS = YES;
				GCC_OPTIMIZATION_LEVEL = 0;
				GCC_PREPROCESSOR_DEFINITIONS = (
					"DEBUG=1",
					"$(inherited)",
				);
				GCC_WARN_64_TO_32_BIT_CONVERSION = YES;
				GCC_WARN_ABOUT_RETURN_TYPE = YES_ERROR;
				GCC_WARN_UNDECLARED_SELECTOR = YES;
				GCC_WARN_UNINITIALIZED_AUTOS = YES_AGGRESSIVE;
				GCC_WARN_UNUSED_FUNCTION = YES;
				GCC_WARN_UNUSED_VARIABLE = YES;
				IPHONEOS_DEPLOYMENT_TARGET = 16.0;
				MTL_ENABLE_DEBUG_INFO = INCLUDE_SOURCE;
				MTL_FAST_MATH = YES;
				ONLY_ACTIVE_ARCH = YES;
				SDKROOT = iphoneos;
				SWIFT_ACTIVE_COMPILATION_CONDITIONS = DEBUG;
				SWIFT_OPTIMIZATION_LEVEL = "-Onone";
			};
			name = Debug;
		};
		B8AF8D282A5D065B0001B2E0 /* Release */ = {
			isa = XCBuildConfiguration;
			buildSettings = {
				ALWAYS_SEARCH_USER_PATHS = NO;
				CLANG_ANALYZER_NONNULL = YES;
				CLANG_ANALYZER_NUMBER_OBJECT_CONVERSION = YES_AGGRESSIVE;
				CLANG_CXX_LANGUAGE_STANDARD = "gnu++20";
				CLANG_ENABLE_MODULES = YES;
				CLANG_ENABLE_OBJC_ARC = YES;
				CLANG_ENABLE_OBJC_WEAK = YES;
				CLANG_WARN_BLOCK_CAPTURE_AUTORELEASING = YES;
				CLANG_WARN_BOOL_CONVERSION = YES;
				CLANG_WARN_COMMA = YES;
				CLANG_WARN_CONSTANT_CONVERSION = YES;
				CLANG_WARN_DEPRECATED_OBJC_IMPLEMENTATIONS = YES;
				CLANG_WARN_DIRECT_OBJC_ISA_USAGE = YES_ERROR;
				CLANG_WARN_DOCUMENTATION_COMMENTS = YES;
				CLANG_WARN_EMPTY_BODY = YES;
				CLANG_WARN_ENUM_CONVERSION = YES;
				CLANG_WARN_INFINITE_RECURSION = YES;
				CLANG_WARN_INT_CONVERSION = YES;
				CLANG_WARN_NON_LITERAL_NULL_CONVERSION = YES;
				CLANG_WARN_OBJC_IMPLICIT_RETAIN_SELF = YES;
				CLANG_WARN_OBJC_LITERAL_CONVERSION = YES;
				CLANG_WARN_OBJC_ROOT_CLASS = YES_ERROR;
				CLANG_WARN_QUOTED_INCLUDE_IN_FRAMEWORK_HEADER = YES;
				CLANG_WARN_RANGE_LOOP_ANALYSIS = YES;
				CLANG_WARN_STRICT_PROTOTYPES = YES;
				CLANG_WARN_SUSPICIOUS_MOVE = YES;
				CLANG_WARN_UNGUARDED_AVAILABILITY = YES_AGGRESSIVE;
				CLANG_WARN_UNREACHABLE_CODE = YES;
				CLANG_WARN__DUPLICATE_METHOD_MATCH = YES;
				COPY_PHASE_STRIP = NO;
				DEBUG_INFORMATION_FORMAT = "dwarf-with-dsym";
				ENABLE_NS_ASSERTIONS = NO;
				ENABLE_STRICT_OBJC_MSGSEND = YES;
				GCC_C_LANGUAGE_STANDARD = gnu11;
				GCC_NO_COMMON_BLOCKS = YES;
				GCC_WARN_64_TO_32_BIT_CONVERSION = YES;
				GCC_WARN_ABOUT_RETURN_TYPE = YES_ERROR;
				GCC_WARN_UNDECLARED_SELECTOR = YES;
				GCC_WARN_UNINITIALIZED_AUTOS = YES_AGGRESSIVE;
				GCC_WARN_UNUSED_FUNCTION = YES;
				GCC_WARN_UNUSED_VARIABLE = YES;
				IPHONEOS_DEPLOYMENT_TARGET = 16.0;
				MTL_ENABLE_DEBUG_INFO = NO;
				MTL_FAST_MATH = YES;
				SDKROOT = iphoneos;
				SWIFT_COMPILATION_MODE = wholemodule;
				SWIFT_OPTIMIZATION_LEVEL = "-O";
				VALIDATE_PRODUCT = YES;
			};
			name = Release;
		};
		B8AF8D2A2A5D065B0001B2E0 /* Debug */ = {
			isa = XCBuildConfiguration;
			buildSettings = {
				ASSETCATALOG_COMPILER_APPICON_NAME = AppIcon;
				ASSETCATALOG_COMPILER_GLOBAL_ACCENT_COLOR_NAME = AccentColor;
				CODE_SIGN_STYLE = Automatic;
				CURRENT_PROJECT_VERSION = 1;
				DEVELOPMENT_ASSET_PATHS = "\"LocalizationExample/Preview Content\"";
				DEVELOPMENT_TEAM = LG953FVPQT;
				ENABLE_PREVIEWS = YES;
				GENERATE_INFOPLIST_FILE = YES;
				INFOPLIST_KEY_UIApplicationSceneManifest_Generation = YES;
				INFOPLIST_KEY_UIApplicationSupportsIndirectInputEvents = YES;
				INFOPLIST_KEY_UILaunchScreen_Generation = YES;
				INFOPLIST_KEY_UISupportedInterfaceOrientations_iPad = "UIInterfaceOrientationPortrait UIInterfaceOrientationPortraitUpsideDown UIInterfaceOrientationLandscapeLeft UIInterfaceOrientationLandscapeRight";
				INFOPLIST_KEY_UISupportedInterfaceOrientations_iPhone = "UIInterfaceOrientationPortrait UIInterfaceOrientationLandscapeLeft UIInterfaceOrientationLandscapeRight";
				LD_RUNPATH_SEARCH_PATHS = (
					"$(inherited)",
					"@executable_path/Frameworks",
				);
				MARKETING_VERSION = 1.0;
				PRODUCT_BUNDLE_IDENTIFIER = com.yulibarhusni.LocalizationExample;
				PRODUCT_NAME = "$(TARGET_NAME)";
				SWIFT_EMIT_LOC_STRINGS = YES;
				SWIFT_VERSION = 5.0;
				TARGETED_DEVICE_FAMILY = "1,2";
			};
			name = Debug;
		};
		B8AF8D2B2A5D065B0001B2E0 /* Release */ = {
			isa = XCBuildConfiguration;
			buildSettings = {
				ASSETCATALOG_COMPILER_APPICON_NAME = AppIcon;
				ASSETCATALOG_COMPILER_GLOBAL_ACCENT_COLOR_NAME = AccentColor;
				CODE_SIGN_STYLE = Automatic;
				CURRENT_PROJECT_VERSION = 1;
				DEVELOPMENT_ASSET_PATHS = "\"LocalizationExample/Preview Content\"";
				DEVELOPMENT_TEAM = LG953FVPQT;
				ENABLE_PREVIEWS = YES;
				GENERATE_INFOPLIST_FILE = YES;
				INFOPLIST_KEY_UIApplicationSceneManifest_Generation = YES;
				INFOPLIST_KEY_UIApplicationSupportsIndirectInputEvents = YES;
				INFOPLIST_KEY_UILaunchScreen_Generation = YES;
				INFOPLIST_KEY_UISupportedInterfaceOrientations_iPad = "UIInterfaceOrientationPortrait UIInterfaceOrientationPortraitUpsideDown UIInterfaceOrientationLandscapeLeft UIInterfaceOrientationLandscapeRight";
				INFOPLIST_KEY_UISupportedInterfaceOrientations_iPhone = "UIInterfaceOrientationPortrait UIInterfaceOrientationLandscapeLeft UIInterfaceOrientationLandscapeRight";
				LD_RUNPATH_SEARCH_PATHS = (
					"$(inherited)",
					"@executable_path/Frameworks",
				);
				MARKETING_VERSION = 1.0;
				PRODUCT_BUNDLE_IDENTIFIER = com.yulibarhusni.LocalizationExample;
				PRODUCT_NAME = "$(TARGET_NAME)";
				SWIFT_EMIT_LOC_STRINGS = YES;
				SWIFT_VERSION = 5.0;
				TARGETED_DEVICE_FAMILY = "1,2";
			};
			name = Release;
		};
		B8AF8D2D2A5D065B0001B2E0 /* Debug */ = {
			isa = XCBuildConfiguration;
			buildSettings = {
				ALWAYS_EMBED_SWIFT_STANDARD_LIBRARIES = YES;
				BUNDLE_LOADER = "$(TEST_HOST)";
				CODE_SIGN_STYLE = Automatic;
				CURRENT_PROJECT_VERSION = 1;
				DEVELOPMENT_TEAM = LG953FVPQT;
				GENERATE_INFOPLIST_FILE = YES;
				IPHONEOS_DEPLOYMENT_TARGET = 16.4;
				MARKETING_VERSION = 1.0;
				PRODUCT_BUNDLE_IDENTIFIER = com.yulibarhusni.LocalizationExampleTests;
				PRODUCT_NAME = "$(TARGET_NAME)";
				SWIFT_EMIT_LOC_STRINGS = NO;
				SWIFT_VERSION = 5.0;
				TARGETED_DEVICE_FAMILY = "1,2";
				TEST_HOST = "$(BUILT_PRODUCTS_DIR)/LocalizationExample.app/$(BUNDLE_EXECUTABLE_FOLDER_PATH)/LocalizationExample";
			};
			name = Debug;
		};
		B8AF8D2E2A5D065B0001B2E0 /* Release */ = {
			isa = XCBuildConfiguration;
			buildSettings = {
				ALWAYS_EMBED_SWIFT_STANDARD_LIBRARIES = YES;
				BUNDLE_LOADER = "$(TEST_HOST)";
				CODE_SIGN_STYLE = Automatic;
				CURRENT_PROJECT_VERSION = 1;
				DEVELOPMENT_TEAM = LG953FVPQT;
				GENERATE_INFOPLIST_FILE = YES;
				IPHONEOS_DEPLOYMENT_TARGET = 16.4;
				MARKETING_VERSION = 1.0;
				PRODUCT_BUNDLE_IDENTIFIER = com.yulibarhusni.LocalizationExampleTests;
				PRODUCT_NAME = "$(TARGET_NAME)";
				SWIFT_EMIT_LOC_STRINGS = NO;
				SWIFT_VERSION = 5.0;
				TARGETED_DEVICE_FAMILY = "1,2";
				TEST_HOST = "$(BUILT_PRODUCTS_DIR)/LocalizationExample.app/$(BUNDLE_EXECUTABLE_FOLDER_PATH)/LocalizationExample";
			};
			name = Release;
		};
		B8AF8D302A5D065B0001B2E0 /* Debug */ = {
			isa = XCBuildConfiguration;
			buildSettings = {
				ALWAYS_EMBED_SWIFT_STANDARD_LIBRARIES = YES;
				CODE_SIGN_STYLE = Automatic;
				CURRENT_PROJECT_VERSION = 1;
				DEVELOPMENT_TEAM = LG953FVPQT;
				GENERATE_INFOPLIST_FILE = YES;
				MARKETING_VERSION = 1.0;
				PRODUCT_BUNDLE_IDENTIFIER = com.yulibarhusni.LocalizationExampleUITests;
				PRODUCT_NAME = "$(TARGET_NAME)";
				SWIFT_EMIT_LOC_STRINGS = NO;
				SWIFT_VERSION = 5.0;
				TARGETED_DEVICE_FAMILY = "1,2";
				TEST_TARGET_NAME = LocalizationExample;
			};
			name = Debug;
		};
		B8AF8D312A5D065B0001B2E0 /* Release */ = {
			isa = XCBuildConfiguration;
			buildSettings = {
				ALWAYS_EMBED_SWIFT_STANDARD_LIBRARIES = YES;
				CODE_SIGN_STYLE = Automatic;
				CURRENT_PROJECT_VERSION = 1;
				DEVELOPMENT_TEAM = LG953FVPQT;
				GENERATE_INFOPLIST_FILE = YES;
				MARKETING_VERSION = 1.0;
				PRODUCT_BUNDLE_IDENTIFIER = com.yulibarhusni.LocalizationExampleUITests;
				PRODUCT_NAME = "$(TARGET_NAME)";
				SWIFT_EMIT_LOC_STRINGS = NO;
				SWIFT_VERSION = 5.0;
				TARGETED_DEVICE_FAMILY = "1,2";
				TEST_TARGET_NAME = LocalizationExample;
			};
			name = Release;
		};
/* End XCBuildConfiguration section */

/* Begin XCConfigurationList section */
		B8AF8D002A5D06590001B2E0 /* Build configuration list for PBXProject "LocalizationExample" */ = {
			isa = XCConfigurationList;
			buildConfigurations = (
				B8AF8D272A5D065B0001B2E0 /* Debug */,
				B8AF8D282A5D065B0001B2E0 /* Release */,
			);
			defaultConfigurationIsVisible = 0;
			defaultConfigurationName = Release;
		};
		B8AF8D292A5D065B0001B2E0 /* Build configuration list for PBXNativeTarget "LocalizationExample" */ = {
			isa = XCConfigurationList;
			buildConfigurations = (
				B8AF8D2A2A5D065B0001B2E0 /* Debug */,
				B8AF8D2B2A5D065B0001B2E0 /* Release */,
			);
			defaultConfigurationIsVisible = 0;
			defaultConfigurationName = Release;
		};
		B8AF8D2C2A5D065B0001B2E0 /* Build configuration list for PBXNativeTarget "LocalizationExampleTests" */ = {
			isa = XCConfigurationList;
			buildConfigurations = (
				B8AF8D2D2A5D065B0001B2E0 /* Debug */,
				B8AF8D2E2A5D065B0001B2E0 /* Release */,
			);
			defaultConfigurationIsVisible = 0;
			defaultConfigurationName = Release;
		};
		B8AF8D2F2A5D065B0001B2E0 /* Build configuration list for PBXNativeTarget "LocalizationExampleUITests" */ = {
			isa = XCConfigurationList;
			buildConfigurations = (
				B8AF8D302A5D065B0001B2E0 /* Debug */,
				B8AF8D312A5D065B0001B2E0 /* Release */,
			);
			defaultConfigurationIsVisible = 0;
			defaultConfigurationName = Release;
		};
/* End XCConfigurationList section */
	};
	rootObject = B8AF8CFD2A5D06590001B2E0 /* Project object */;
}
